{
  "name": "epub-test",
  "version": "1.0.0",
  "lockfileVersion": 1,
  "requires": true,
  "dependencies": {
    "@types/domhandler": {
      "version": "2.4.1",
      "resolved": "https://registry.npmjs.org/@types/domhandler/-/domhandler-2.4.1.tgz",
      "integrity": "sha512-cfBw6q6tT5sa1gSPFSRKzF/xxYrrmeiut7E0TxNBObiLSBTuFEHibcfEe3waQPEDbqBsq+ql/TOniw65EyDFMA=="
    },
    "@types/domutils": {
      "version": "1.7.2",
      "resolved": "https://registry.npmjs.org/@types/domutils/-/domutils-1.7.2.tgz",
      "integrity": "sha512-Nnwy1Ztwq42SSNSZSh9EXBJGrOZPR+PQ2sRT4VZy8hnsFXfCil7YlKO2hd2360HyrtFz2qwnKQ13ENrgXNxJbw==",
      "requires": {
        "@types/domhandler": "*"
      }
    },
    "@types/htmlparser2": {
      "version": "3.10.0",
      "resolved": "https://registry.npmjs.org/@types/htmlparser2/-/htmlparser2-3.10.0.tgz",
      "integrity": "sha512-keXxWwpNOTvRTWTS4cdLHPp3p6gSzitTCmLNgPJinEvS95QzjkhbEMSaQO4XkEp4ctXJu8P0j4xqEVOPsLj3vg==",
      "requires": {
        "@types/domhandler": "*",
        "@types/domutils": "*",
        "@types/node": "*"
      }
    },
    "@types/jszip": {
      "version": "3.1.6",
      "resolved": "https://registry.npmjs.org/@types/jszip/-/jszip-3.1.6.tgz",
      "integrity": "sha512-m8uFcI+O2EupCfbEVQWsBM/4nhbegjOHL7cQgBpM95FeF98kdFJXzy9/8yhx4b3lCRl/gMBhcvyh30Qt3X+XPQ==",
      "requires": {
        "@types/node": "*"
      }
    },
    "@types/localforage": {
      "version": "0.0.34",
      "resolved": "https://registry.npmjs.org/@types/localforage/-/localforage-0.0.34.tgz",
      "integrity": "sha1-XjHDLdh5HsS5/z70fJy1Wy0NlDg=",
      "requires": {
        "localforage": "*"
      }
    },
    "@types/node": {
      "version": "12.0.10",
      "resolved": "https://registry.npmjs.org/@types/node/-/node-12.0.10.tgz",
      "integrity": "sha512-LcsGbPomWsad6wmMNv7nBLw7YYYyfdYcz6xryKYQhx89c3XXan+8Q6AJ43G5XDIaklaVkK3mE4fCb0SBvMiPSQ=="
    },
    "coffee-script": {
      "version": "1.12.7",
      "resolved": "https://registry.npmjs.org/coffee-script/-/coffee-script-1.12.7.tgz",
      "integrity": "sha512-fLeEhqwymYat/MpTPUjSKHVYYl0ec2mOyALEMLmzr5i1isuG+6jfI2j2d5oBO3VIzgUXgBVIcOT9uH1TFxBckw=="
    },
    "core-util-is": {
      "version": "1.0.2",
      "resolved": "https://registry.npmjs.org/core-util-is/-/core-util-is-1.0.2.tgz",
      "integrity": "sha1-tf1UIgqivFq1eqtxQMlAdUUDwac="
    },
    "d": {
      "version": "1.0.1",
      "resolved": "https://registry.npmjs.org/d/-/d-1.0.1.tgz",
      "integrity": "sha512-m62ShEObQ39CfralilEQRjH6oAMtNCV1xJyEx5LpRYUVN+EviphDgUc/F3hnYbADmkiNs67Y+3ylmlG7Lnu+FA==",
      "requires": {
        "es5-ext": "^0.10.50",
        "type": "^1.0.1"
      }
    },
    "dom-serializer": {
      "version": "0.1.1",
      "resolved": "https://registry.npmjs.org/dom-serializer/-/dom-serializer-0.1.1.tgz",
      "integrity": "sha512-l0IU0pPzLWSHBcieZbpOKgkIn3ts3vAh7ZuFyXNwJxJXk/c4Gwj9xaTJwIDVQCXawWD0qb3IzMGH5rglQaO0XA==",
      "requires": {
        "domelementtype": "^1.3.0",
        "entities": "^1.1.1"
      }
    },
    "domelementtype": {
      "version": "1.3.1",
      "resolved": "https://registry.npmjs.org/domelementtype/-/domelementtype-1.3.1.tgz",
      "integrity": "sha512-BSKB+TSpMpFI/HOxCNr1O8aMOTZ8hT3pM3GQ0w/mWRmkhEDSFJkkyzz4XQsBV44BChwGkrDfMyjVD0eA2aFV3w=="
    },
    "domhandler": {
      "version": "2.4.2",
      "resolved": "https://registry.npmjs.org/domhandler/-/domhandler-2.4.2.tgz",
      "integrity": "sha512-JiK04h0Ht5u/80fdLMCEmV4zkNh2BcoMFBmZ/91WtYZ8qVXSKjiw7fXMgFPnHcSZgOo3XdinHvmnDUeMf5R4wA==",
      "requires": {
        "domelementtype": "1"
      }
    },
    "domutils": {
      "version": "1.7.0",
      "resolved": "https://registry.npmjs.org/domutils/-/domutils-1.7.0.tgz",
      "integrity": "sha512-Lgd2XcJ/NjEw+7tFvfKxOzCYKZsdct5lczQ2ZaQY8Djz7pfAD3Gbp8ySJWtreII/vDlMVmxwa6pHmdxIYgttDg==",
      "requires": {
        "dom-serializer": "0",
        "domelementtype": "1"
      }
    },
    "e": {
      "version": "0.0.4",
      "resolved": "https://registry.npmjs.org/e/-/e-0.0.4.tgz",
      "integrity": "sha1-33Dow0ov12KRQ0cNxazjxay2EMo=",
      "requires": {
        "coffee-script": "*"
      }
    },
    "entities": {
      "version": "1.1.2",
      "resolved": "https://registry.npmjs.org/entities/-/entities-1.1.2.tgz",
      "integrity": "sha512-f2LZMYl1Fzu7YSBKg+RoROelpOaNrcGmE9AZubeDfrCEia483oW4MI4VyFd5VNHIgQ/7qm1I0wUHK1eJnn2y2w=="
    },
    "epubjs": {
      "version": "0.3.84",
      "resolved": "https://registry.npmjs.org/epubjs/-/epubjs-0.3.84.tgz",
      "integrity": "sha512-8DKIdoVDs73sa9ZIfSGR0Y9OZhbs341gBVjL5zm785+TYWWU5dOGY/12chZQHsol8VG1kYcZJWhH6VlaDrYUeQ==",
      "requires": {
        "@types/jszip": "^3.1.4",
        "@types/localforage": "0.0.34",
        "event-emitter": "^0.3.5",
        "jszip": "^3.1.5",
        "localforage": "^1.7.2",
        "lodash": "^4.17.10",
        "marks-pane": "^1.0.9",
        "path-webpack": "0.0.3",
        "stream-browserify": "^2.0.1",
        "url-polyfill": "^1.1.3",
        "xmldom": "^0.1.27"
      }
    },
    "es5-ext": {
      "version": "0.10.50",
      "resolved": "https://registry.npmjs.org/es5-ext/-/es5-ext-0.10.50.tgz",
      "integrity": "sha512-KMzZTPBkeQV/JcSQhI5/z6d9VWJ3EnQ194USTUwIYZ2ZbpN8+SGXQKt1h68EX44+qt+Fzr8DO17vnxrw7c3agw==",
      "requires": {
        "es6-iterator": "~2.0.3",
        "es6-symbol": "~3.1.1",
        "next-tick": "^1.0.0"
      }
    },
    "es6-iterator": {
      "version": "2.0.3",
      "resolved": "https://registry.npmjs.org/es6-iterator/-/es6-iterator-2.0.3.tgz",
      "integrity": "sha1-p96IkUGgWpSwhUQDstCg+/qY87c=",
      "requires": {
        "d": "1",
        "es5-ext": "^0.10.35",
        "es6-symbol": "^3.1.1"
      }
    },
    "es6-symbol": {
      "version": "3.1.1",
      "resolved": "https://registry.npmjs.org/es6-symbol/-/es6-symbol-3.1.1.tgz",
      "integrity": "sha1-vwDvT9q2uhtG7Le2KbTH7VcVzHc=",
      "requires": {
        "d": "1",
        "es5-ext": "~0.10.14"
      }
    },
    "event-emitter": {
      "version": "0.3.5",
      "resolved": "https://registry.npmjs.org/event-emitter/-/event-emitter-0.3.5.tgz",
      "integrity": "sha1-34xp7vFkeSPHFXuc6DhAYQsCzDk=",
      "requires": {
        "d": "1",
        "es5-ext": "~0.10.14"
      }
    },
    "file2html": {
      "version": "0.2.0",
      "resolved": "https://registry.npmjs.org/file2html/-/file2html-0.2.0.tgz",
      "integrity": "sha512-Hk3k4XQwWkj5SoZJ5mr4eGMErD/pVFzV0iSa2WfaI78C1ghVVc/7s//eftdbg8I/nPm/ftEziGubMIJSxny2kw=="
    },
    "file2html-epub": {
      "version": "0.3.0",
      "resolved": "https://registry.npmjs.org/file2html-epub/-/file2html-epub-0.3.0.tgz",
      "integrity": "sha1-8o8Vcrz3NVH4hM2BAuOAXJn4w1A=",
      "requires": {
        "file2html": "^0.1.5",
        "file2html-archive-tools": "git+https://github.com/file2html/file2html-archive-tools.git#bd3b1c25e4ba9cbf93953f652d835be5876b1247",
        "file2html-xml-tools": "git+https://github.com/file2html/file2html-xml-tools.git#ad62297f278e44ed3d61be391fee0ea041980562"
      },
      "dependencies": {
        "@types/jszip": {
          "version": "0.0.32",
          "resolved": "https://registry.npmjs.org/@types/jszip/-/jszip-0.0.32.tgz",
          "integrity": "sha1-CPcXw/o9qj/tpvu6nhLZB4PJMqs="
        },
        "file2html": {
          "version": "0.1.9",
          "resolved": "https://registry.npmjs.org/file2html/-/file2html-0.1.9.tgz",
          "integrity": "sha1-WHlBIh1ymXJ/Wmwk71WVbbIGndg="
        },
        "file2html-archive-tools": {
          "version": "git+https://github.com/file2html/file2html-archive-tools.git#bd3b1c25e4ba9cbf93953f652d835be5876b1247",
          "from": "git+https://github.com/file2html/file2html-archive-tools.git#v1.0.0",
          "requires": {
            "@types/jszip": "0.0.32",
            "jszip": "^3.1.3"
          }
        },
        "file2html-xml-tools": {
          "version": "git+https://github.com/file2html/file2html-xml-tools.git#ad62297f278e44ed3d61be391fee0ea041980562",
          "from": "git+https://github.com/file2html/file2html-xml-tools.git#v1.1.0",
          "requires": {
            "@types/htmlparser2": "^3.7.29",
            "htmlparser2": "^3.9.2"
          }
        }
      }
    },
    "htmlparser2": {
      "version": "3.10.1",
      "resolved": "https://registry.npmjs.org/htmlparser2/-/htmlparser2-3.10.1.tgz",
      "integrity": "sha512-IgieNijUMbkDovyoKObU1DUhm1iwNYE/fuifEoEHfd1oZKZDaONBSkal7Y01shxsM49R4XaMdGez3WnF9UfiCQ==",
      "requires": {
        "domelementtype": "^1.3.1",
        "domhandler": "^2.3.0",
        "domutils": "^1.5.1",
        "entities": "^1.1.1",
        "inherits": "^2.0.1",
        "readable-stream": "^3.1.1"
      },
      "dependencies": {
        "readable-stream": {
          "version": "3.4.0",
          "resolved": "https://registry.npmjs.org/readable-stream/-/readable-stream-3.4.0.tgz",
          "integrity": "sha512-jItXPLmrSR8jmTRmRWJXCnGJsfy85mB3Wd/uINMXA65yrnFo0cPClFIUWzo2najVNSl+mx7/4W8ttlLWJe99pQ==",
          "requires": {
            "inherits": "^2.0.3",
            "string_decoder": "^1.1.1",
            "util-deprecate": "^1.0.1"
          }
        }
      }
    },
    "immediate": {
      "version": "3.0.6",
      "resolved": "https://registry.npmjs.org/immediate/-/immediate-3.0.6.tgz",
      "integrity": "sha1-nbHb0Pr43m++D13V5Wu2BigN5ps="
    },
    "inherits": {
      "version": "2.0.4",
      "resolved": "https://registry.npmjs.org/inherits/-/inherits-2.0.4.tgz",
      "integrity": "sha512-k/vGaX4/Yla3WzyMCvTQOXYeIHvqOKtnqBduzTHpzpQZzAskKMhZ2K+EnBiSM9zGSoIFeMpXKxa4dYeZIQqewQ=="
    },
    "isarray": {
      "version": "1.0.0",
      "resolved": "https://registry.npmjs.org/isarray/-/isarray-1.0.0.tgz",
      "integrity": "sha1-u5NdSFgsuhaMBoNJV6VKPgcSTxE="
    },
    "jszip": {
      "version": "3.2.1",
      "resolved": "https://registry.npmjs.org/jszip/-/jszip-3.2.1.tgz",
      "integrity": "sha512-iCMBbo4eE5rb1VCpm5qXOAaUiRKRUKiItn8ah2YQQx9qymmSAY98eyQfioChEYcVQLh0zxJ3wS4A0mh90AVPvw==",
      "requires": {
        "lie": "~3.3.0",
        "pako": "~1.0.2",
        "readable-stream": "~2.3.6",
        "set-immediate-shim": "~1.0.1"
      },
      "dependencies": {
        "lie": {
          "version": "3.3.0",
          "resolved": "https://registry.npmjs.org/lie/-/lie-3.3.0.tgz",
          "integrity": "sha512-UaiMJzeWRlEujzAuw5LokY1L5ecNQYZKfmyZ9L7wDHb/p5etKaxXhohBcrw0EYby+G/NA52vRSN4N39dxHAIwQ==",
          "requires": {
            "immediate": "~3.0.5"
          }
        }
      }
    },
    "lie": {
      "version": "3.1.1",
      "resolved": "https://registry.npmjs.org/lie/-/lie-3.1.1.tgz",
      "integrity": "sha1-mkNrLMd0bKWd56QfpGmz77dr2H4=",
      "requires": {
        "immediate": "~3.0.5"
      }
    },
    "localforage": {
      "version": "1.7.3",
      "resolved": "https://registry.npmjs.org/localforage/-/localforage-1.7.3.tgz",
      "integrity": "sha512-1TulyYfc4udS7ECSBT2vwJksWbkwwTX8BzeUIiq8Y07Riy7bDAAnxDaPU/tWyOVmQAcWJIEIFP9lPfBGqVoPgQ==",
      "requires": {
        "lie": "3.1.1"
      }
    },
    "lodash": {
      "version": "4.17.19",
      "resolved": "https://registry.npmjs.org/lodash/-/lodash-4.17.19.tgz",
      "integrity": "sha512-JNvd8XER9GQX0v2qJgsaN/mzFCNA5BRe/j8JN9d+tWyGLSodKQHKFicdwNYzWwI3wjRnaKPsGj1XkBjx/F96DQ=="
    },
    "marks-pane": {
      "version": "1.0.9",
      "resolved": "https://registry.npmjs.org/marks-pane/-/marks-pane-1.0.9.tgz",
      "integrity": "sha512-Ahs4oeG90tbdPWwAJkAAoHg2lRR8lAs9mZXETNPO9hYg3AkjUJBKi1NQ4aaIQZVGrig7c/3NUV1jANl8rFTeMg=="
    },
    "next-tick": {
      "version": "1.0.0",
      "resolved": "https://registry.npmjs.org/next-tick/-/next-tick-1.0.0.tgz",
      "integrity": "sha1-yobR/ogoFpsBICCOPchCS524NCw="
    },
    "pako": {
      "version": "1.0.10",
      "resolved": "https://registry.npmjs.org/pako/-/pako-1.0.10.tgz",
      "integrity": "sha512-0DTvPVU3ed8+HNXOu5Bs+o//Mbdj9VNQMUOe9oKCwh8l0GNwpTDMKCWbRjgtD291AWnkAgkqA/LOnQS8AmS1tw=="
    },
    "path-webpack": {
      "version": "0.0.3",
      "resolved": "https://registry.npmjs.org/path-webpack/-/path-webpack-0.0.3.tgz",
      "integrity": "sha1-/23sdJ7sWpRgXATV9j/FVgegOhY="
    },
    "process-nextick-args": {
      "version": "2.0.1",
      "resolved": "https://registry.npmjs.org/process-nextick-args/-/process-nextick-args-2.0.1.tgz",
      "integrity": "sha512-3ouUOpQhtgrbOa17J7+uxOTpITYWaGP7/AhoR3+A+/1e9skrzelGi/dXzEYyvbxubEF6Wn2ypscTKiKJFFn1ag=="
    },
    "readable-stream": {
      "version": "2.3.6",
      "resolved": "https://registry.npmjs.org/readable-stream/-/readable-stream-2.3.6.tgz",
      "integrity": "sha512-tQtKA9WIAhBF3+VLAseyMqZeBjW0AHJoxOtYqSUZNJxauErmLbVm2FW1y+J/YA9dUrAC39ITejlZWhVIwawkKw==",
      "requires": {
        "core-util-is": "~1.0.0",
        "inherits": "~2.0.3",
        "isarray": "~1.0.0",
        "process-nextick-args": "~2.0.0",
        "safe-buffer": "~5.1.1",
        "string_decoder": "~1.1.1",
        "util-deprecate": "~1.0.1"
      }
    },
    "safe-buffer": {
      "version": "5.1.2",
      "resolved": "https://registry.npmjs.org/safe-buffer/-/safe-buffer-5.1.2.tgz",
      "integrity": "sha512-Gd2UZBJDkXlY7GbJxfsE8/nvKkUEU1G38c1siN6QP6a9PT9MmHB8GnpscSmMJSoF8LOIrt8ud/wPtojys4G6+g=="
    },
    "set-immediate-shim": {
      "version": "1.0.1",
      "resolved": "https://registry.npmjs.org/set-immediate-shim/-/set-immediate-shim-1.0.1.tgz",
      "integrity": "sha1-SysbJ+uAip+NzEgaWOXlb1mfP2E="
    },
    "stream-browserify": {
      "version": "2.0.2",
      "resolved": "https://registry.npmjs.org/stream-browserify/-/stream-browserify-2.0.2.tgz",
      "integrity": "sha512-nX6hmklHs/gr2FuxYDltq8fJA1GDlxKQCz8O/IM4atRqBH8OORmBNgfvW5gG10GT/qQ9u0CzIvr2X5Pkt6ntqg==",
      "requires": {
        "inherits": "~2.0.1",
        "readable-stream": "^2.0.2"
      }
    },
    "string_decoder": {
      "version": "1.1.1",
      "resolved": "https://registry.npmjs.org/string_decoder/-/string_decoder-1.1.1.tgz",
      "integrity": "sha512-n/ShnvDi6FHbbVfviro+WojiFzv+s8MPMHBczVePfUpDJLwoLT0ht1l4YwBCbi8pJAveEEdnkHyPyTP/mzRfwg==",
      "requires": {
        "safe-buffer": "~5.1.0"
      }
    },
    "type": {
      "version": "1.0.1",
      "resolved": "https://registry.npmjs.org/type/-/type-1.0.1.tgz",
      "integrity": "sha512-MAM5dBMJCJNKs9E7JXo4CXRAansRfG0nlJxW7Wf6GZzSOvH31zClSaHdIMWLehe/EGMBkqeC55rrkaOr5Oo7Nw=="
    },
    "url-polyfill": {
      "version": "1.1.5",
      "resolved": "https://registry.npmjs.org/url-polyfill/-/url-polyfill-1.1.5.tgz",
      "integrity": "sha512-9XjIJ6nwrU+nGd8t90Ze0Zs7t8A+SU0gqsqPttj6j3zAVe5q0HFcuv37nDBdVSPpi4aTHTfbUF/i+ZVD+o2EbA=="
    },
    "util-deprecate": {
      "version": "1.0.2",
      "resolved": "https://registry.npmjs.org/util-deprecate/-/util-deprecate-1.0.2.tgz",
      "integrity": "sha1-RQ1Nyfpw3nMnYvvS1KKJgUGaDM8="
    },
    "xmldom": {
      "version": "0.1.27",
      "resolved": "https://registry.npmjs.org/xmldom/-/xmldom-0.1.27.tgz",
      "integrity": "sha1-1QH5ezvbQDr4757MIFcxh6rawOk="
    }
  }
}
